// !$*UTF8*$!
{
	archiveVersion = 1;
	classes = {
	};
	objectVersion = 46;
	objects = {

/* Begin PBXBuildFile section */
		A6585C131B184407006A66C3 /* AppKit.framework in Frameworks */ = {isa = PBXBuildFile; fileRef = A6585C121B184407006A66C3 /* AppKit.framework */; };
		A6585C151B184407006A66C3 /* Foundation.framework in Frameworks */ = {isa = PBXBuildFile; fileRef = A6585C141B184407006A66C3 /* Foundation.framework */; };
		A6585C1A1B184407006A66C3 /* Rayrolling.xcscheme in Resources */ = {isa = PBXBuildFile; fileRef = A6585C191B184407006A66C3 /* Rayrolling.xcscheme */; };
		A6585C1D1B184407006A66C3 /* Rayrolling.m in Sources */ = {isa = PBXBuildFile; fileRef = A6585C1C1B184407006A66C3 /* Rayrolling.m */; };
		A6585C201B184407006A66C3 /* NSObject_Extension.m in Sources */ = {isa = PBXBuildFile; fileRef = A6585C1F1B184407006A66C3 /* NSObject_Extension.m */; };
		A6585C271B18475A006A66C3 /* IDEAlertBezel_Generic_Rayrolling.pdf in Resources */ = {isa = PBXBuildFile; fileRef = A6585C261B18475A006A66C3 /* IDEAlertBezel_Generic_Rayrolling.pdf */; };
		A6585C2C1B184774006A66C3 /* NSObject+MethodSwizzler.m in Sources */ = {isa = PBXBuildFile; fileRef = A6585C291B184774006A66C3 /* NSObject+MethodSwizzler.m */; };
		A6585C2D1B184774006A66C3 /* NSObject+Rayrolling_DVTBezelAlertPanel.m in Sources */ = {isa = PBXBuildFile; fileRef = A6585C2B1B184774006A66C3 /* NSObject+Rayrolling_DVTBezelAlertPanel.m */; };
		F2656A701B96DF4D0056D823 /* quynewavatar.jpg in Resources */ = {isa = PBXBuildFile; fileRef = F2656A6F1B96DF4D0056D823 /* quynewavatar.jpg */; };
		F2861DBE1B96E8D4009D7FCB /* quyImages.jpg in Resources */ = {isa = PBXBuildFile; fileRef = F2861DBD1B96E8D4009D7FCB /* quyImages.jpg */; };
		F289B6971B931010008AEF78 /* quy.pdf in Resources */ = {isa = PBXBuildFile; fileRef = F289B6961B931010008AEF78 /* quy.pdf */; };
/* End PBXBuildFile section */

/* Begin PBXFileReference section */
		A6585C0F1B184407006A66C3 /* Rayrolling.xcplugin */ = {isa = PBXFileReference; explicitFileType = wrapper.cfbundle; includeInIndex = 0; path = Rayrolling.xcplugin; sourceTree = BUILT_PRODUCTS_DIR; };
		A6585C121B184407006A66C3 /* AppKit.framework */ = {isa = PBXFileReference; lastKnownFileType = wrapper.framework; name = AppKit.framework; path = /System/Library/Frameworks/AppKit.framework; sourceTree = "<absolute>"; };
		A6585C141B184407006A66C3 /* Foundation.framework */ = {isa = PBXFileReference; lastKnownFileType = wrapper.framework; name = Foundation.framework; path = /System/Library/Frameworks/Foundation.framework; sourceTree = "<absolute>"; };
		A6585C181B184407006A66C3 /* Info.plist */ = {isa = PBXFileReference; lastKnownFileType = text.plist.xml; path = Info.plist; sourceTree = "<group>"; };
		A6585C191B184407006A66C3 /* Rayrolling.xcscheme */ = {isa = PBXFileReference; lastKnownFileType = text.xml; name = Rayrolling.xcscheme; path = Rayrolling.xcodeproj/xcshareddata/xcschemes/Rayrolling.xcscheme; sourceTree = SOURCE_ROOT; };
		A6585C1B1B184407006A66C3 /* Rayrolling.h */ = {isa = PBXFileReference; lastKnownFileType = sourcecode.c.h; path = Rayrolling.h; sourceTree = "<group>"; };
		A6585C1C1B184407006A66C3 /* Rayrolling.m */ = {isa = PBXFileReference; lastKnownFileType = sourcecode.c.objc; path = Rayrolling.m; sourceTree = "<group>"; };
		A6585C1E1B184407006A66C3 /* NSObject_Extension.h */ = {isa = PBXFileReference; lastKnownFileType = sourcecode.c.h; path = NSObject_Extension.h; sourceTree = "<group>"; };
		A6585C1F1B184407006A66C3 /* NSObject_Extension.m */ = {isa = PBXFileReference; lastKnownFileType = sourcecode.c.objc; path = NSObject_Extension.m; sourceTree = "<group>"; };
		A6585C261B18475A006A66C3 /* IDEAlertBezel_Generic_Rayrolling.pdf */ = {isa = PBXFileReference; lastKnownFileType = image.pdf; path = IDEAlertBezel_Generic_Rayrolling.pdf; sourceTree = "<group>"; };
		A6585C281B184774006A66C3 /* NSObject+MethodSwizzler.h */ = {isa = PBXFileReference; fileEncoding = 4; lastKnownFileType = sourcecode.c.h; path = "NSObject+MethodSwizzler.h"; sourceTree = "<group>"; };
		A6585C291B184774006A66C3 /* NSObject+MethodSwizzler.m */ = {isa = PBXFileReference; fileEncoding = 4; lastKnownFileType = sourcecode.c.objc; path = "NSObject+MethodSwizzler.m"; sourceTree = "<group>"; };
		A6585C2A1B184774006A66C3 /* NSObject+Rayrolling_DVTBezelAlertPanel.h */ = {isa = PBXFileReference; fileEncoding = 4; lastKnownFileType = sourcecode.c.h; path = "NSObject+Rayrolling_DVTBezelAlertPanel.h"; sourceTree = "<group>"; };
		A6585C2B1B184774006A66C3 /* NSObject+Rayrolling_DVTBezelAlertPanel.m */ = {isa = PBXFileReference; fileEncoding = 4; lastKnownFileType = sourcecode.c.objc; path = "NSObject+Rayrolling_DVTBezelAlertPanel.m"; sourceTree = "<group>"; };
		F2656A6F1B96DF4D0056D823 /* quynewavatar.jpg */ = {isa = PBXFileReference; lastKnownFileType = image.jpeg; path = quynewavatar.jpg; sourceTree = "<group>"; };
		F2861DBD1B96E8D4009D7FCB /* quyImages.jpg */ = {isa = PBXFileReference; lastKnownFileType = image.jpeg; path = quyImages.jpg; sourceTree = "<group>"; };
		F289B6961B931010008AEF78 /* quy.pdf */ = {isa = PBXFileReference; lastKnownFileType = image.pdf; path = quy.pdf; sourceTree = "<group>"; };
/* End PBXFileReference section */

/* Begin PBXFrameworksBuildPhase section */
		A6585C0D1B184407006A66C3 /* Frameworks */ = {
			isa = PBXFrameworksBuildPhase;
			buildActionMask = 2147483647;
			files = (
				A6585C131B184407006A66C3 /* AppKit.framework in Frameworks */,
				A6585C151B184407006A66C3 /* Foundation.framework in Frameworks */,
			);
			runOnlyForDeploymentPostprocessing = 0;
		};
/* End PBXFrameworksBuildPhase section */

/* Begin PBXGroup section */
		A6585C061B184407006A66C3 = {
			isa = PBXGroup;
			children = (
				A6585C161B184407006A66C3 /* Rayrolling */,
				A6585C111B184407006A66C3 /* Frameworks */,
				A6585C101B184407006A66C3 /* Products */,
			);
			sourceTree = "<group>";
		};
		A6585C101B184407006A66C3 /* Products */ = {
			isa = PBXGroup;
			children = (
				A6585C0F1B184407006A66C3 /* Rayrolling.xcplugin */,
			);
			name = Products;
			sourceTree = "<group>";
		};
		A6585C111B184407006A66C3 /* Frameworks */ = {
			isa = PBXGroup;
			children = (
				A6585C121B184407006A66C3 /* AppKit.framework */,
				A6585C141B184407006A66C3 /* Foundation.framework */,
			);
			name = Frameworks;
			sourceTree = "<group>";
		};
		A6585C161B184407006A66C3 /* Rayrolling */ = {
			isa = PBXGroup;
			children = (
				F289B6961B931010008AEF78 /* quy.pdf */,
				F2656A6F1B96DF4D0056D823 /* quynewavatar.jpg */,
				A6585C261B18475A006A66C3 /* IDEAlertBezel_Generic_Rayrolling.pdf */,
				A6585C1B1B184407006A66C3 /* Rayrolling.h */,
				F2861DBD1B96E8D4009D7FCB /* quyImages.jpg */,
				A6585C1C1B184407006A66C3 /* Rayrolling.m */,
				A6585C1E1B184407006A66C3 /* NSObject_Extension.h */,
				A6585C1F1B184407006A66C3 /* NSObject_Extension.m */,
				A6585C281B184774006A66C3 /* NSObject+MethodSwizzler.h */,
				A6585C291B184774006A66C3 /* NSObject+MethodSwizzler.m */,
				A6585C2A1B184774006A66C3 /* NSObject+Rayrolling_DVTBezelAlertPanel.h */,
				A6585C2B1B184774006A66C3 /* NSObject+Rayrolling_DVTBezelAlertPanel.m */,
				A6585C171B184407006A66C3 /* Supporting Files */,
			);
			path = Rayrolling;
			sourceTree = "<group>";
		};
		A6585C171B184407006A66C3 /* Supporting Files */ = {
			isa = PBXGroup;
			children = (
				A6585C181B184407006A66C3 /* Info.plist */,
				A6585C191B184407006A66C3 /* Rayrolling.xcscheme */,
			);
			name = "Supporting Files";
			sourceTree = "<group>";
		};
/* End PBXGroup section */

/* Begin PBXNativeTarget section */
		A6585C0E1B184407006A66C3 /* Rayrolling */ = {
			isa = PBXNativeTarget;
			buildConfigurationList = A6585C231B184407006A66C3 /* Build configuration list for PBXNativeTarget "Rayrolling" */;
			buildPhases = (
				A6585C0B1B184407006A66C3 /* Sources */,
				A6585C0C1B184407006A66C3 /* Resources */,
				A6585C0D1B184407006A66C3 /* Frameworks */,
			);
			buildRules = (
			);
			dependencies = (
			);
			name = Rayrolling;
			productName = Rayrolling;
			productReference = A6585C0F1B184407006A66C3 /* Rayrolling.xcplugin */;
			productType = "com.apple.product-type.bundle";
		};
/* End PBXNativeTarget section */

/* Begin PBXProject section */
		A6585C071B184407006A66C3 /* Project object */ = {
			isa = PBXProject;
			attributes = {
				LastUpgradeCheck = 0630;
				ORGANIZATIONNAME = RayWenderlich;
				TargetAttributes = {
					A6585C0E1B184407006A66C3 = {
						CreatedOnToolsVersion = 6.3.2;
					};
				};
			};
			buildConfigurationList = A6585C0A1B184407006A66C3 /* Build configuration list for PBXProject "Rayrolling" */;
			compatibilityVersion = "Xcode 3.2";
			developmentRegion = English;
			hasScannedForEncodings = 0;
			knownRegions = (
				en,
			);
			mainGroup = A6585C061B184407006A66C3;
			productRefGroup = A6585C101B184407006A66C3 /* Products */;
			projectDirPath = "";
			projectRoot = "";
			targets = (
				A6585C0E1B184407006A66C3 /* Rayrolling */,
			);
		};
/* End PBXProject section */

/* Begin PBXResourcesBuildPhase section */
		A6585C0C1B184407006A66C3 /* Resources */ = {
			isa = PBXResourcesBuildPhase;
			buildActionMask = 2147483647;
			files = (
				F289B6971B931010008AEF78 /* quy.pdf in Resources */,
				A6585C271B18475A006A66C3 /* IDEAlertBezel_Generic_Rayrolling.pdf in Resources */,
				F2861DBE1B96E8D4009D7FCB /* quyImages.jpg in Resources */,
				A6585C1A1B184407006A66C3 /* Rayrolling.xcscheme in Resources */,
				F2656A701B96DF4D0056D823 /* quynewavatar.jpg in Resources */,
			);
			runOnlyForDeploymentPostprocessing = 0;
		};
/* End PBXResourcesBuildPhase section */

/* Begin PBXSourcesBuildPhase section */
		A6585C0B1B184407006A66C3 /* Sources */ = {
			isa = PBXSourcesBuildPhase;
			buildActionMask = 2147483647;
			files = (
				A6585C2D1B184774006A66C3 /* NSObject+Rayrolling_DVTBezelAlertPanel.m in Sources */,
				A6585C1D1B184407006A66C3 /* Rayrolling.m in Sources */,
				A6585C2C1B184774006A66C3 /* NSObject+MethodSwizzler.m in Sources */,
				A6585C201B184407006A66C3 /* NSObject_Extension.m in Sources */,
			);
			runOnlyForDeploymentPostprocessing = 0;
		};
/* End PBXSourcesBuildPhase section */

/* Begin XCBuildConfiguration section */
		A6585C211B184407006A66C3 /* Debug */ = {
			isa = XCBuildConfiguration;
			buildSettings = {
				ALWAYS_SEARCH_USER_PATHS = NO;
				CLANG_CXX_LANGUAGE_STANDARD = "gnu++0x";
				CLANG_CXX_LIBRARY = "libc++";
				CLANG_ENABLE_MODULES = YES;
				CLANG_ENABLE_OBJC_ARC = YES;
				CLANG_WARN_BOOL_CONVERSION = YES;
				CLANG_WARN_CONSTANT_CONVERSION = YES;
				CLANG_WARN_DIRECT_OBJC_ISA_USAGE = YES_ERROR;
				CLANG_WARN_EMPTY_BODY = YES;
				CLANG_WARN_ENUM_CONVERSION = YES;
				CLANG_WARN_INT_CONVERSION = YES;
				CLANG_WARN_OBJC_ROOT_CLASS = YES_ERROR;
				CLANG_WARN_UNREACHABLE_CODE = YES;
				CLANG_WARN__DUPLICATE_METHOD_MATCH = YES;
				COPY_PHASE_STRIP = NO;
				ENABLE_STRICT_OBJC_MSGSEND = YES;
				GCC_C_LANGUAGE_STANDARD = gnu99;
				GCC_DYNAMIC_NO_PIC = NO;
				GCC_NO_COMMON_BLOCKS = YES;
				GCC_OPTIMIZATION_LEVEL = 0;
				GCC_PREPROCESSOR_DEFINITIONS = (
					"DEBUG=1",
					"$(inherited)",
				);
				GCC_SYMBOLS_PRIVATE_EXTERN = NO;
				GCC_WARN_64_TO_32_BIT_CONVERSION = YES;
				GCC_WARN_ABOUT_RETURN_TYPE = YES_ERROR;
				GCC_WARN_UNDECLARED_SELECTOR = YES;
				GCC_WARN_UNINITIALIZED_AUTOS = YES_AGGRESSIVE;
				GCC_WARN_UNUSED_FUNCTION = YES;
				GCC_WARN_UNUSED_VARIABLE = YES;
				MACOSX_DEPLOYMENT_TARGET = 10.10;
				MTL_ENABLE_DEBUG_INFO = YES;
				ONLY_ACTIVE_ARCH = YES;
			};
			name = Debug;
		};
		A6585C221B184407006A66C3 /* Release */ = {
			isa = XCBuildConfiguration;
			buildSettings = {
				ALWAYS_SEARCH_USER_PATHS = NO;
				CLANG_CXX_LANGUAGE_STANDARD = "gnu++0x";
				CLANG_CXX_LIBRARY = "libc++";
				CLANG_ENABLE_MODULES = YES;
				CLANG_ENABLE_OBJC_ARC = YES;
				CLANG_WARN_BOOL_CONVERSION = YES;
				CLANG_WARN_CONSTANT_CONVERSION = YES;
				CLANG_WARN_DIRECT_OBJC_ISA_USAGE = YES_ERROR;
				CLANG_WARN_EMPTY_BODY = YES;
				CLANG_WARN_ENUM_CONVERSION = YES;
				CLANG_WARN_INT_CONVERSION = YES;
				CLANG_WARN_OBJC_ROOT_CLASS = YES_ERROR;
				CLANG_WARN_UNREACHABLE_CODE = YES;
				CLANG_WARN__DUPLICATE_METHOD_MATCH = YES;
				COPY_PHASE_STRIP = NO;
				ENABLE_NS_ASSERTIONS = NO;
				ENABLE_STRICT_OBJC_MSGSEND = YES;
				GCC_C_LANGUAGE_STANDARD = gnu99;
				GCC_NO_COMMON_BLOCKS = YES;
				GCC_WARN_64_TO_32_BIT_CONVERSION = YES;
				GCC_WARN_ABOUT_RETURN_TYPE = YES_ERROR;
				GCC_WARN_UNDECLARED_SELECTOR = YES;
				GCC_WARN_UNINITIALIZED_AUTOS = YES_AGGRESSIVE;
				GCC_WARN_UNUSED_FUNCTION = YES;
				GCC_WARN_UNUSED_VARIABLE = YES;
				MACOSX_DEPLOYMENT_TARGET = 10.10;
				MTL_ENABLE_DEBUG_INFO = NO;
			};
			name = Release;
		};
		A6585C241B184407006A66C3 /* Debug */ = {
			isa = XCBuildConfiguration;
			buildSettings = {
				COMBINE_HIDPI_IMAGES = YES;
				DEPLOYMENT_LOCATION = YES;
				DSTROOT = "$(HOME)";
				INFOPLIST_FILE = Rayrolling/Info.plist;
				INSTALL_PATH = "/Library/Application Support/Developer/Shared/Xcode/Plug-ins";
				MACOSX_DEPLOYMENT_TARGET = 10.10;
				PRODUCT_NAME = "$(TARGET_NAME)";
				WRAPPER_EXTENSION = xcplugin;
			};
			name = Debug;
		};
		A6585C251B184407006A66C3 /* Release */ = {
			isa = XCBuildConfiguration;
			buildSettings = {
				COMBINE_HIDPI_IMAGES = YES;
				DEPLOYMENT_LOCATION = YES;
				DSTROOT = "$(HOME)";
				INFOPLIST_FILE = Rayrolling/Info.plist;
				INSTALL_PATH = "/Library/Application Support/Developer/Shared/Xcode/Plug-ins";
				MACOSX_DEPLOYMENT_TARGET = 10.10;
				PRODUCT_NAME = "$(TARGET_NAME)";
				WRAPPER_EXTENSION = xcplugin;
			};
			name = Release;
		};
/* End XCBuildConfiguration section */

/* Begin XCConfigurationList section */
		A6585C0A1B184407006A66C3 /* Build configuration list for PBXProject "Rayrolling" */ = {
			isa = XCConfigurationList;
			buildConfigurations = (
				A6585C211B184407006A66C3 /* Debug */,
				A6585C221B184407006A66C3 /* Release */,
			);
			defaultConfigurationIsVisible = 0;
			defaultConfigurationName = Release;
		};
		A6585C231B184407006A66C3 /* Build configuration list for PBXNativeTarget "Rayrolling" */ = {
			isa = XCConfigurationList;
			buildConfigurations = (
				A6585C241B184407006A66C3 /* Debug */,
				A6585C251B184407006A66C3 /* Release */,
			);
			defaultConfigurationIsVisible = 0;
			defaultConfigurationName = Release;
		};
/* End XCConfigurationList section */
	};
	rootObject = A6585C071B184407006A66C3 /* Project object */;
}
